
Microsoft Visual Studio Solution File, Format Version 12.00
# Visual Studio 2013
VisualStudioVersion = 12.0.31101.0
MinimumVisualStudioVersion = 10.0.40219.1
Project("{FAE04EC0-301F-11D3-BF4B-00C04F79EFBC}") = "rfc822", "rfc822\rfc822.csproj", "{E963475F-586B-4CBA-9976-6F76BE7AAB27}"
EndProject
Project("{FAE04EC0-301F-11D3-BF4B-00C04F79EFBC}") = "TestRfc822", "TestRfc822\TestRfc822.csproj", "{F92D6345-1FA3-48FC-8175-A08C7A177E82}"
EndProject
Project("{FAE04EC0-301F-11D3-BF4B-00C04F79EFBC}") = "TestUtils", "TestUtils\TestUtils.csproj", "{996648EA-BDC7-4BC5-9389-52905E682A95}"
EndProject
Project("{FAE04EC0-301F-11D3-BF4B-00C04F79EFBC}") = "TVM", "TVM\TVM.csproj", "{65472266-CCFC-4D2F-AF2D-B473432C8EC3}"
EndProject
Project("{FAE04EC0-301F-11D3-BF4B-00C04F79EFBC}") = "WpfBinding", "WpfBinding\WpfBinding.csproj", "{1733216F-2FCE-475B-8BF4-9439E2F51A56}"
EndProject
Project("{2150E333-8FDC-42A3-9474-1A3956D46DE8}") = "Solution Items", "Solution Items", "{3F612FB5-A4CD-4A0E-B95B-B85CFBD6DE56}"
	ProjectSection(SolutionItems) = preProject
		Documentation\License.txt = Documentation\License.txt
		Documentation\Wiki.htm = Documentation\Wiki.htm
		..\..\..\Visual Studio 2010\Projects\Windows API Code Pack 1.1\documentation\Windows API Code Pack Help.chm = ..\..\..\Visual Studio 2010\Projects\Windows API Code Pack 1.1\documentation\Windows API Code Pack Help.chm
		..\..\..\Visual Studio 2010\Projects\Windows API Code Pack 1.1\documentation\Windows API Code Pack Help.chw = ..\..\..\Visual Studio 2010\Projects\Windows API Code Pack 1.1\documentation\Windows API Code Pack Help.chw
	EndProjectSection
EndProject
Project("{FAE04EC0-301F-11D3-BF4B-00C04F79EFBC}") = "EmlEditor", "EmlEditor\EmlEditor.csproj", "{9087A0D9-11D2-4466-B0A2-05E50EEE19D6}"
EndProject
Project("{FAE04EC0-301F-11D3-BF4B-00C04F79EFBC}") = "EmlEditorModels", "EmlEditorModels\EmlEditorModels.csproj", "{494D965F-35B6-4195-B5B0-EB7F20DB3271}"
EndProject
Project("{FAE04EC0-301F-11D3-BF4B-00C04F79EFBC}") = "Controls", "Controls\Controls.csproj", "{14442CDB-3D3B-4597-8E32-4C8FCBB00333}"
EndProject
Project("{FAE04EC0-301F-11D3-BF4B-00C04F79EFBC}") = "XFiles", "XFiles\XFiles.csproj", "{3BB16078-AA24-4805-8713-903416BF68D3}"
EndProject
Global
	GlobalSection(SolutionConfigurationPlatforms) = preSolution
		CodeAnalysisDebug|Any CPU = CodeAnalysisDebug|Any CPU
		CodeAnalysisDebug|Mixed Platforms = CodeAnalysisDebug|Mixed Platforms
		CodeAnalysisDebug|x64 = CodeAnalysisDebug|x64
		CodeAnalysisDebug|x86 = CodeAnalysisDebug|x86
		Debug|Any CPU = Debug|Any CPU
		Debug|Mixed Platforms = Debug|Mixed Platforms
		Debug|x64 = Debug|x64
		Debug|x86 = Debug|x86
		Release|Any CPU = Release|Any CPU
		Release|Mixed Platforms = Release|Mixed Platforms
		Release|x64 = Release|x64
		Release|x86 = Release|x86
	EndGlobalSection
	GlobalSection(ProjectConfigurationPlatforms) = postSolution
		{E963475F-586B-4CBA-9976-6F76BE7AAB27}.CodeAnalysisDebug|Any CPU.ActiveCfg = Debug|Any CPU
		{E963475F-586B-4CBA-9976-6F76BE7AAB27}.CodeAnalysisDebug|Any CPU.Build.0 = Debug|Any CPU
		{E963475F-586B-4CBA-9976-6F76BE7AAB27}.CodeAnalysisDebug|Mixed Platforms.ActiveCfg = Debug|Any CPU
		{E963475F-586B-4CBA-9976-6F76BE7AAB27}.CodeAnalysisDebug|Mixed Platforms.Build.0 = Debug|Any CPU
		{E963475F-586B-4CBA-9976-6F76BE7AAB27}.CodeAnalysisDebug|x64.ActiveCfg = Debug|Any CPU
		{E963475F-586B-4CBA-9976-6F76BE7AAB27}.CodeAnalysisDebug|x86.ActiveCfg = Debug|Any CPU
		{E963475F-586B-4CBA-9976-6F76BE7AAB27}.Debug|Any CPU.ActiveCfg = Debug|Any CPU
		{E963475F-586B-4CBA-9976-6F76BE7AAB27}.Debug|Any CPU.Build.0 = Debug|Any CPU
		{E963475F-586B-4CBA-9976-6F76BE7AAB27}.Debug|Mixed Platforms.ActiveCfg = Debug|Any CPU
		{E963475F-586B-4CBA-9976-6F76BE7AAB27}.Debug|Mixed Platforms.Build.0 = Debug|Any CPU
		{E963475F-586B-4CBA-9976-6F76BE7AAB27}.Debug|x64.ActiveCfg = Debug|Any CPU
		{E963475F-586B-4CBA-9976-6F76BE7AAB27}.Debug|x86.ActiveCfg = Debug|Any CPU
		{E963475F-586B-4CBA-9976-6F76BE7AAB27}.Release|Any CPU.ActiveCfg = Release|Any CPU
		{E963475F-586B-4CBA-9976-6F76BE7AAB27}.Release|Any CPU.Build.0 = Release|Any CPU
		{E963475F-586B-4CBA-9976-6F76BE7AAB27}.Release|Mixed Platforms.ActiveCfg = Release|Any CPU
		{E963475F-586B-4CBA-9976-6F76BE7AAB27}.Release|Mixed Platforms.Build.0 = Release|Any CPU
		{E963475F-586B-4CBA-9976-6F76BE7AAB27}.Release|x64.ActiveCfg = Release|Any CPU
		{E963475F-586B-4CBA-9976-6F76BE7AAB27}.Release|x86.ActiveCfg = Release|Any CPU
		{F92D6345-1FA3-48FC-8175-A08C7A177E82}.CodeAnalysisDebug|Any CPU.ActiveCfg = Debug|Any CPU
		{F92D6345-1FA3-48FC-8175-A08C7A177E82}.CodeAnalysisDebug|Any CPU.Build.0 = Debug|Any CPU
		{F92D6345-1FA3-48FC-8175-A08C7A177E82}.CodeAnalysisDebug|Mixed Platforms.ActiveCfg = Debug|Any CPU
		{F92D6345-1FA3-48FC-8175-A08C7A177E82}.CodeAnalysisDebug|Mixed Platforms.Build.0 = Debug|Any CPU
		{F92D6345-1FA3-48FC-8175-A08C7A177E82}.CodeAnalysisDebug|x64.ActiveCfg = Debug|Any CPU
		{F92D6345-1FA3-48FC-8175-A08C7A177E82}.CodeAnalysisDebug|x86.ActiveCfg = Debug|Any CPU
		{F92D6345-1FA3-48FC-8175-A08C7A177E82}.Debug|Any CPU.ActiveCfg = Debug|Any CPU
		{F92D6345-1FA3-48FC-8175-A08C7A177E82}.Debug|Any CPU.Build.0 = Debug|Any CPU
		{F92D6345-1FA3-48FC-8175-A08C7A177E82}.Debug|Mixed Platforms.ActiveCfg = Debug|Any CPU
		{F92D6345-1FA3-48FC-8175-A08C7A177E82}.Debug|Mixed Platforms.Build.0 = Debug|Any CPU
		{F92D6345-1FA3-48FC-8175-A08C7A177E82}.Debug|x64.ActiveCfg = Debug|Any CPU
		{F92D6345-1FA3-48FC-8175-A08C7A177E82}.Debug|x86.ActiveCfg = Debug|Any CPU
		{F92D6345-1FA3-48FC-8175-A08C7A177E82}.Release|Any CPU.ActiveCfg = Release|Any CPU
		{F92D6345-1FA3-48FC-8175-A08C7A177E82}.Release|Any CPU.Build.0 = Release|Any CPU
		{F92D6345-1FA3-48FC-8175-A08C7A177E82}.Release|Mixed Platforms.ActiveCfg = Release|Any CPU
		{F92D6345-1FA3-48FC-8175-A08C7A177E82}.Release|Mixed Platforms.Build.0 = Release|Any CPU
		{F92D6345-1FA3-48FC-8175-A08C7A177E82}.Release|x64.ActiveCfg = Release|Any CPU
		{F92D6345-1FA3-48FC-8175-A08C7A177E82}.Release|x86.ActiveCfg = Release|Any CPU
		{996648EA-BDC7-4BC5-9389-52905E682A95}.CodeAnalysisDebug|Any CPU.ActiveCfg = Debug|Any CPU
		{996648EA-BDC7-4BC5-9389-52905E682A95}.CodeAnalysisDebug|Any CPU.Build.0 = Debug|Any CPU
		{996648EA-BDC7-4BC5-9389-52905E682A95}.CodeAnalysisDebug|Mixed Platforms.ActiveCfg = Debug|Any CPU
		{996648EA-BDC7-4BC5-9389-52905E682A95}.CodeAnalysisDebug|Mixed Platforms.Build.0 = Debug|Any CPU
		{996648EA-BDC7-4BC5-9389-52905E682A95}.CodeAnalysisDebug|x64.ActiveCfg = Debug|Any CPU
		{996648EA-BDC7-4BC5-9389-52905E682A95}.CodeAnalysisDebug|x86.ActiveCfg = Debug|Any CPU
		{996648EA-BDC7-4BC5-9389-52905E682A95}.Debug|Any CPU.ActiveCfg = Debug|Any CPU
		{996648EA-BDC7-4BC5-9389-52905E682A95}.Debug|Any CPU.Build.0 = Debug|Any CPU
		{996648EA-BDC7-4BC5-9389-52905E682A95}.Debug|Mixed Platforms.ActiveCfg = Debug|Any CPU
		{996648EA-BDC7-4BC5-9389-52905E682A95}.Debug|Mixed Platforms.Build.0 = Debug|Any CPU
		{996648EA-BDC7-4BC5-9389-52905E682A95}.Debug|x64.ActiveCfg = Debug|Any CPU
		{996648EA-BDC7-4BC5-9389-52905E682A95}.Debug|x86.ActiveCfg = Debug|Any CPU
		{996648EA-BDC7-4BC5-9389-52905E682A95}.Release|Any CPU.ActiveCfg = Release|Any CPU
		{996648EA-BDC7-4BC5-9389-52905E682A95}.Release|Any CPU.Build.0 = Release|Any CPU
		{996648EA-BDC7-4BC5-9389-52905E682A95}.Release|Mixed Platforms.ActiveCfg = Release|Any CPU
		{996648EA-BDC7-4BC5-9389-52905E682A95}.Release|Mixed Platforms.Build.0 = Release|Any CPU
		{996648EA-BDC7-4BC5-9389-52905E682A95}.Release|x64.ActiveCfg = Release|Any CPU
		{996648EA-BDC7-4BC5-9389-52905E682A95}.Release|x86.ActiveCfg = Release|Any CPU
		{65472266-CCFC-4D2F-AF2D-B473432C8EC3}.CodeAnalysisDebug|Any CPU.ActiveCfg = Debug|Any CPU
		{65472266-CCFC-4D2F-AF2D-B473432C8EC3}.CodeAnalysisDebug|Any CPU.Build.0 = Debug|Any CPU
		{65472266-CCFC-4D2F-AF2D-B473432C8EC3}.CodeAnalysisDebug|Mixed Platforms.ActiveCfg = Debug|Any CPU
		{65472266-CCFC-4D2F-AF2D-B473432C8EC3}.CodeAnalysisDebug|Mixed Platforms.Build.0 = Debug|Any CPU
		{65472266-CCFC-4D2F-AF2D-B473432C8EC3}.CodeAnalysisDebug|x64.ActiveCfg = Debug|Any CPU
		{65472266-CCFC-4D2F-AF2D-B473432C8EC3}.CodeAnalysisDebug|x86.ActiveCfg = Debug|Any CPU
		{65472266-CCFC-4D2F-AF2D-B473432C8EC3}.Debug|Any CPU.ActiveCfg = Debug|Any CPU
		{65472266-CCFC-4D2F-AF2D-B473432C8EC3}.Debug|Any CPU.Build.0 = Debug|Any CPU
		{65472266-CCFC-4D2F-AF2D-B473432C8EC3}.Debug|Mixed Platforms.ActiveCfg = Debug|Any CPU
		{65472266-CCFC-4D2F-AF2D-B473432C8EC3}.Debug|Mixed Platforms.Build.0 = Debug|Any CPU
		{65472266-CCFC-4D2F-AF2D-B473432C8EC3}.Debug|x64.ActiveCfg = Debug|Any CPU
		{65472266-CCFC-4D2F-AF2D-B473432C8EC3}.Debug|x86.ActiveCfg = Debug|Any CPU
		{65472266-CCFC-4D2F-AF2D-B473432C8EC3}.Release|Any CPU.ActiveCfg = Release|Any CPU
		{65472266-CCFC-4D2F-AF2D-B473432C8EC3}.Release|Any CPU.Build.0 = Release|Any CPU
		{65472266-CCFC-4D2F-AF2D-B473432C8EC3}.Release|Mixed Platforms.ActiveCfg = Release|Any CPU
		{65472266-CCFC-4D2F-AF2D-B473432C8EC3}.Release|Mixed Platforms.Build.0 = Release|Any CPU
		{65472266-CCFC-4D2F-AF2D-B473432C8EC3}.Release|x64.ActiveCfg = Release|Any CPU
		{65472266-CCFC-4D2F-AF2D-B473432C8EC3}.Release|x86.ActiveCfg = Release|Any CPU
		{1733216F-2FCE-475B-8BF4-9439E2F51A56}.CodeAnalysisDebug|Any CPU.ActiveCfg = Debug|Any CPU
		{1733216F-2FCE-475B-8BF4-9439E2F51A56}.CodeAnalysisDebug|Any CPU.Build.0 = Debug|Any CPU
		{1733216F-2FCE-475B-8BF4-9439E2F51A56}.CodeAnalysisDebug|Mixed Platforms.ActiveCfg = Debug|Any CPU
		{1733216F-2FCE-475B-8BF4-9439E2F51A56}.CodeAnalysisDebug|Mixed Platforms.Build.0 = Debug|Any CPU
		{1733216F-2FCE-475B-8BF4-9439E2F51A56}.CodeAnalysisDebug|x64.ActiveCfg = Debug|Any CPU
		{1733216F-2FCE-475B-8BF4-9439E2F51A56}.CodeAnalysisDebug|x86.ActiveCfg = Debug|Any CPU
		{1733216F-2FCE-475B-8BF4-9439E2F51A56}.Debug|Any CPU.ActiveCfg = Debug|Any CPU
		{1733216F-2FCE-475B-8BF4-9439E2F51A56}.Debug|Any CPU.Build.0 = Debug|Any CPU
		{1733216F-2FCE-475B-8BF4-9439E2F51A56}.Debug|Mixed Platforms.ActiveCfg = Debug|Any CPU
		{1733216F-2FCE-475B-8BF4-9439E2F51A56}.Debug|Mixed Platforms.Build.0 = Debug|Any CPU
		{1733216F-2FCE-475B-8BF4-9439E2F51A56}.Debug|x64.ActiveCfg = Debug|Any CPU
		{1733216F-2FCE-475B-8BF4-9439E2F51A56}.Debug|x86.ActiveCfg = Debug|Any CPU
		{1733216F-2FCE-475B-8BF4-9439E2F51A56}.Release|Any CPU.ActiveCfg = Release|Any CPU
		{1733216F-2FCE-475B-8BF4-9439E2F51A56}.Release|Any CPU.Build.0 = Release|Any CPU
		{1733216F-2FCE-475B-8BF4-9439E2F51A56}.Release|Mixed Platforms.ActiveCfg = Release|Any CPU
		{1733216F-2FCE-475B-8BF4-9439E2F51A56}.Release|Mixed Platforms.Build.0 = Release|Any CPU
		{1733216F-2FCE-475B-8BF4-9439E2F51A56}.Release|x64.ActiveCfg = Release|Any CPU
		{1733216F-2FCE-475B-8BF4-9439E2F51A56}.Release|x86.ActiveCfg = Release|Any CPU
		{9087A0D9-11D2-4466-B0A2-05E50EEE19D6}.CodeAnalysisDebug|Any CPU.ActiveCfg = Debug|Any CPU
		{9087A0D9-11D2-4466-B0A2-05E50EEE19D6}.CodeAnalysisDebug|Any CPU.Build.0 = Debug|Any CPU
		{9087A0D9-11D2-4466-B0A2-05E50EEE19D6}.CodeAnalysisDebug|Mixed Platforms.ActiveCfg = Debug|Any CPU
		{9087A0D9-11D2-4466-B0A2-05E50EEE19D6}.CodeAnalysisDebug|Mixed Platforms.Build.0 = Debug|Any CPU
		{9087A0D9-11D2-4466-B0A2-05E50EEE19D6}.CodeAnalysisDebug|x64.ActiveCfg = Debug|Any CPU
		{9087A0D9-11D2-4466-B0A2-05E50EEE19D6}.CodeAnalysisDebug|x86.ActiveCfg = Debug|Any CPU
		{9087A0D9-11D2-4466-B0A2-05E50EEE19D6}.Debug|Any CPU.ActiveCfg = Debug|Any CPU
		{9087A0D9-11D2-4466-B0A2-05E50EEE19D6}.Debug|Any CPU.Build.0 = Debug|Any CPU
		{9087A0D9-11D2-4466-B0A2-05E50EEE19D6}.Debug|Mixed Platforms.ActiveCfg = Debug|Any CPU
		{9087A0D9-11D2-4466-B0A2-05E50EEE19D6}.Debug|Mixed Platforms.Build.0 = Debug|Any CPU
		{9087A0D9-11D2-4466-B0A2-05E50EEE19D6}.Debug|x64.ActiveCfg = Debug|Any CPU
		{9087A0D9-11D2-4466-B0A2-05E50EEE19D6}.Debug|x86.ActiveCfg = Debug|Any CPU
		{9087A0D9-11D2-4466-B0A2-05E50EEE19D6}.Release|Any CPU.ActiveCfg = Release|Any CPU
		{9087A0D9-11D2-4466-B0A2-05E50EEE19D6}.Release|Any CPU.Build.0 = Release|Any CPU
		{9087A0D9-11D2-4466-B0A2-05E50EEE19D6}.Release|Mixed Platforms.ActiveCfg = Release|Any CPU
		{9087A0D9-11D2-4466-B0A2-05E50EEE19D6}.Release|Mixed Platforms.Build.0 = Release|Any CPU
		{9087A0D9-11D2-4466-B0A2-05E50EEE19D6}.Release|x64.ActiveCfg = Release|Any CPU
		{9087A0D9-11D2-4466-B0A2-05E50EEE19D6}.Release|x86.ActiveCfg = Release|Any CPU
		{494D965F-35B6-4195-B5B0-EB7F20DB3271}.CodeAnalysisDebug|Any CPU.ActiveCfg = Debug|Any CPU
		{494D965F-35B6-4195-B5B0-EB7F20DB3271}.CodeAnalysisDebug|Any CPU.Build.0 = Debug|Any CPU
		{494D965F-35B6-4195-B5B0-EB7F20DB3271}.CodeAnalysisDebug|Mixed Platforms.ActiveCfg = Debug|Any CPU
		{494D965F-35B6-4195-B5B0-EB7F20DB3271}.CodeAnalysisDebug|Mixed Platforms.Build.0 = Debug|Any CPU
		{494D965F-35B6-4195-B5B0-EB7F20DB3271}.CodeAnalysisDebug|x64.ActiveCfg = Debug|Any CPU
		{494D965F-35B6-4195-B5B0-EB7F20DB3271}.CodeAnalysisDebug|x86.ActiveCfg = Debug|Any CPU
		{494D965F-35B6-4195-B5B0-EB7F20DB3271}.Debug|Any CPU.ActiveCfg = Debug|Any CPU
		{494D965F-35B6-4195-B5B0-EB7F20DB3271}.Debug|Any CPU.Build.0 = Debug|Any CPU
		{494D965F-35B6-4195-B5B0-EB7F20DB3271}.Debug|Mixed Platforms.ActiveCfg = Debug|Any CPU
		{494D965F-35B6-4195-B5B0-EB7F20DB3271}.Debug|Mixed Platforms.Build.0 = Debug|Any CPU
		{494D965F-35B6-4195-B5B0-EB7F20DB3271}.Debug|x64.ActiveCfg = Debug|Any CPU
		{494D965F-35B6-4195-B5B0-EB7F20DB3271}.Debug|x86.ActiveCfg = Debug|Any CPU
		{494D965F-35B6-4195-B5B0-EB7F20DB3271}.Release|Any CPU.ActiveCfg = Release|Any CPU
		{494D965F-35B6-4195-B5B0-EB7F20DB3271}.Release|Any CPU.Build.0 = Release|Any CPU
		{494D965F-35B6-4195-B5B0-EB7F20DB3271}.Release|Mixed Platforms.ActiveCfg = Release|Any CPU
		{494D965F-35B6-4195-B5B0-EB7F20DB3271}.Release|Mixed Platforms.Build.0 = Release|Any CPU
		{494D965F-35B6-4195-B5B0-EB7F20DB3271}.Release|x64.ActiveCfg = Release|Any CPU
		{494D965F-35B6-4195-B5B0-EB7F20DB3271}.Release|x86.ActiveCfg = Release|Any CPU
		{14442CDB-3D3B-4597-8E32-4C8FCBB00333}.CodeAnalysisDebug|Any CPU.ActiveCfg = Debug|Any CPU
		{14442CDB-3D3B-4597-8E32-4C8FCBB00333}.CodeAnalysisDebug|Any CPU.Build.0 = Debug|Any CPU
		{14442CDB-3D3B-4597-8E32-4C8FCBB00333}.CodeAnalysisDebug|Mixed Platforms.ActiveCfg = Debug|Any CPU
		{14442CDB-3D3B-4597-8E32-4C8FCBB00333}.CodeAnalysisDebug|Mixed Platforms.Build.0 = Debug|Any CPU
		{14442CDB-3D3B-4597-8E32-4C8FCBB00333}.CodeAnalysisDebug|x64.ActiveCfg = Debug|Any CPU
		{14442CDB-3D3B-4597-8E32-4C8FCBB00333}.CodeAnalysisDebug|x86.ActiveCfg = Debug|Any CPU
		{14442CDB-3D3B-4597-8E32-4C8FCBB00333}.Debug|Any CPU.ActiveCfg = Debug|Any CPU
		{14442CDB-3D3B-4597-8E32-4C8FCBB00333}.Debug|Any CPU.Build.0 = Debug|Any CPU
		{14442CDB-3D3B-4597-8E32-4C8FCBB00333}.Debug|Mixed Platforms.ActiveCfg = Debug|Any CPU
		{14442CDB-3D3B-4597-8E32-4C8FCBB00333}.Debug|Mixed Platforms.Build.0 = Debug|Any CPU
		{14442CDB-3D3B-4597-8E32-4C8FCBB00333}.Debug|x64.ActiveCfg = Debug|Any CPU
		{14442CDB-3D3B-4597-8E32-4C8FCBB00333}.Debug|x86.ActiveCfg = Debug|Any CPU
		{14442CDB-3D3B-4597-8E32-4C8FCBB00333}.Release|Any CPU.ActiveCfg = Release|Any CPU
		{14442CDB-3D3B-4597-8E32-4C8FCBB00333}.Release|Any CPU.Build.0 = Release|Any CPU
		{14442CDB-3D3B-4597-8E32-4C8FCBB00333}.Release|Mixed Platforms.ActiveCfg = Release|Any CPU
		{14442CDB-3D3B-4597-8E32-4C8FCBB00333}.Release|Mixed Platforms.Build.0 = Release|Any CPU
		{14442CDB-3D3B-4597-8E32-4C8FCBB00333}.Release|x64.ActiveCfg = Release|Any CPU
		{14442CDB-3D3B-4597-8E32-4C8FCBB00333}.Release|x86.ActiveCfg = Release|Any CPU
		{3BB16078-AA24-4805-8713-903416BF68D3}.CodeAnalysisDebug|Any CPU.ActiveCfg = Debug|Any CPU
		{3BB16078-AA24-4805-8713-903416BF68D3}.CodeAnalysisDebug|Any CPU.Build.0 = Debug|Any CPU
		{3BB16078-AA24-4805-8713-903416BF68D3}.CodeAnalysisDebug|Mixed Platforms.ActiveCfg = Debug|Any CPU
		{3BB16078-AA24-4805-8713-903416BF68D3}.CodeAnalysisDebug|Mixed Platforms.Build.0 = Debug|Any CPU
		{3BB16078-AA24-4805-8713-903416BF68D3}.CodeAnalysisDebug|x64.ActiveCfg = Debug|Any CPU
		{3BB16078-AA24-4805-8713-903416BF68D3}.CodeAnalysisDebug|x86.ActiveCfg = Debug|Any CPU
		{3BB16078-AA24-4805-8713-903416BF68D3}.Debug|Any CPU.ActiveCfg = Debug|Any CPU
		{3BB16078-AA24-4805-8713-903416BF68D3}.Debug|Any CPU.Build.0 = Debug|Any CPU
		{3BB16078-AA24-4805-8713-903416BF68D3}.Debug|Mixed Platforms.ActiveCfg = Debug|Any CPU
		{3BB16078-AA24-4805-8713-903416BF68D3}.Debug|Mixed Platforms.Build.0 = Debug|Any CPU
		{3BB16078-AA24-4805-8713-903416BF68D3}.Debug|x64.ActiveCfg = Debug|Any CPU
		{3BB16078-AA24-4805-8713-903416BF68D3}.Debug|x86.ActiveCfg = Debug|Any CPU
		{3BB16078-AA24-4805-8713-903416BF68D3}.Release|Any CPU.ActiveCfg = Release|Any CPU
		{3BB16078-AA24-4805-8713-903416BF68D3}.Release|Any CPU.Build.0 = Release|Any CPU
		{3BB16078-AA24-4805-8713-903416BF68D3}.Release|Mixed Platforms.ActiveCfg = Release|Any CPU
		{3BB16078-AA24-4805-8713-903416BF68D3}.Release|Mixed Platforms.Build.0 = Release|Any CPU
		{3BB16078-AA24-4805-8713-903416BF68D3}.Release|x64.ActiveCfg = Release|Any CPU
		{3BB16078-AA24-4805-8713-903416BF68D3}.Release|x86.ActiveCfg = Release|Any CPU
	EndGlobalSection
	GlobalSection(SolutionProperties) = preSolution
		HideSolutionNode = FALSE
	EndGlobalSection
EndGlobal
